
Microsoft Visual Studio Solution File, Format Version 12.00
# Visual Studio Version 17
VisualStudioVersion = 17.6.33829.357
MinimumVisualStudioVersion = 10.0.40219.1
Project("{FAE04EC0-301F-11D3-BF4B-00C04F79EFBC}") = "SSD assignment", "SSD assignment.csproj", "{CD2B4852-5670-4198-B33C-A80B91568A93}"
EndProject
Global
	GlobalSection(SolutionConfigurationPlatforms) = preSolution
		Debug|Any CPU = Debug|Any CPU
		Release|Any CPU = Release|Any CPU
	EndGlobalSection
	GlobalSection(ProjectConfigurationPlatforms) = postSolution
		{CD2B4852-5670-4198-B33C-A80B91568A93}.Debug|Any CPU.ActiveCfg = Debug|Any CPU
		{CD2B4852-5670-4198-B33C-A80B91568A93}.Debug|Any CPU.Build.0 = Debug|Any CPU
		{CD2B4852-5670-4198-B33C-A80B91568A93}.Release|Any CPU.ActiveCfg = Release|Any CPU
		{CD2B4852-5670-4198-B33C-A80B91568A93}.Release|Any CPU.Build.0 = Release|Any CPU
	EndGlobalSection
	GlobalSection(SolutionProperties) = preSolution
		HideSolutionNode = FALSE
	EndGlobalSection
	GlobalSection(ExtensibilityGlobals) = postSolution
		SolutionGuid = {892CE544-3FFC-4B2A-AD9B-2DFEBDE482C2}
	EndGlobalSection
EndGlobal
